<?xml version="1.0" encoding="utf-8"?>
<Project ToolsVersion="4.0" xmlns="http://schemas.microsoft.com/developer/msbuild/2003">
  <ItemGroup>
    <Filter Include="Source Files">
      <UniqueIdentifier>{c1612327-a6dd-416c-ba29-bcfb494e4e88}</UniqueIdentifier>
      <Extensions>cpp;c;cxx;rc;def;r;odl;idl;hpj;bat;for;f90</Extensions>
    </Filter>
    <Filter Include="Header Files">
      <UniqueIdentifier>{cabf5428-0053-4d58-8445-222f5235353f}</UniqueIdentifier>
      <Extensions>h;hpp;hxx;hm;inl;fi;fd</Extensions>
    </Filter>
    <Filter Include="Resource Files">
      <UniqueIdentifier>{8267115c-72d4-445d-bafc-f24ec987e5fd}</UniqueIdentifier>
      <Extensions>ico;cur;bmp;dlg;rc2;rct;bin;cnt;rtf;gif;jpg;jpeg;jpe</Extensions>
    </Filter>
  </ItemGroup>
  <ItemGroup>
    <ClCompile Include="Accesdlg.cpp">
      <Filter>Source Files</Filter>
    </ClCompile>
    <ClCompile Include="AccessDias.cpp">
      <Filter>Source Files</Filter>
    </ClCompile>
    <ClCompile Include="dlgallera.cpp">
      <Filter>Source Files</Filter>
    </ClCompile>
    <ClCompile Include="DlgCritereTri.cpp">
      <Filter>Source Files</Filter>
    </ClCompile>
    <ClCompile Include="dlgrapport.cpp">
      <Filter>Source Files</Filter>
    </ClCompile>
    <ClCompile Include="dlgrecherche.cpp">
      <Filter>Source Files</Filter>
    </ClCompile>
    <ClCompile Include="DlgRenommerImage.cpp">
      <Filter>Source Files</Filter>
    </ClCompile>
    <ClCompile Include="DlgUpdateComment.cpp">
      <Filter>Source Files</Filter>
    </ClCompile>
    <ClCompile Include="FicheDias.cpp">
      <Filter>Source Files</Filter>
    </ClCompile>
    <ClCompile Include="NewJpegSerie.cpp">
      <Filter>Source Files</Filter>
    </ClCompile>
    <ClCompile Include="stdafx.cpp">
      <Filter>Source Files</Filter>
    </ClCompile>
  </ItemGroup>
  <ItemGroup>
    <ResourceCompile Include="AccessDias.rc">
      <Filter>Source Files</Filter>
    </ResourceCompile>
  </ItemGroup>
  <ItemGroup>
    <Text Include="readme.txt">
      <Filter>Source Files</Filter>
    </Text>
  </ItemGroup>
  <ItemGroup>
    <ClInclude Include="Accesdlg.h">
      <Filter>Header Files</Filter>
    </ClInclude>
    <ClInclude Include="AccessDias.h">
      <Filter>Header Files</Filter>
    </ClInclude>
    <ClInclude Include="dlgallera.h">
      <Filter>Header Files</Filter>
    </ClInclude>
    <ClInclude Include="DlgCritereTri.h">
      <Filter>Header Files</Filter>
    </ClInclude>
    <ClInclude Include="dlgrapport.h">
      <Filter>Header Files</Filter>
    </ClInclude>
    <ClInclude Include="dlgrecherche.h">
      <Filter>Header Files</Filter>
    </ClInclude>
    <ClInclude Include="DlgRenommerImage.h">
      <Filter>Header Files</Filter>
    </ClInclude>
    <ClInclude Include="DlgUpdateComment.h">
      <Filter>Header Files</Filter>
    </ClInclude>
    <ClInclude Include="FicheDias.h">
      <Filter>Header Files</Filter>
    </ClInclude>
    <ClInclude Include="NewJpegSerie.h">
      <Filter>Header Files</Filter>
    </ClInclude>
    <ClInclude Include="RESOURCE.H">
      <Filter>Header Files</Filter>
    </ClInclude>
    <ClInclude Include="stdafx.h">
      <Filter>Header Files</Filter>
    </ClInclude>
  </ItemGroup>
  <ItemGroup>
    <Image Include="res\AccessDias.ico">
      <Filter>Resource Files</Filter>
    </Image>
  </ItemGroup>
  <ItemGroup>
    <None Include="res\AccessDias.rc2">
      <Filter>Resource Files</Filter>
    </None>
  </ItemGroup>
</Project>